
Microsoft Visual Studio Solution File, Format Version 12.00
Project("{FAE04EC0-301F-11D3-BF4B-00C04F79EFBC}") = "APIGateway", "APIGateway\APIGateway.csproj", "{AD26569A-9A95-4536-8A1F-2CF36D3DA152}"
EndProject
Project("{FAE04EC0-301F-11D3-BF4B-00C04F79EFBC}") = "Identity", "Identity\Identity.csproj", "{7D750C10-24C3-4B50-B139-AC61CF47E696}"
EndProject
Project("{FAE04EC0-301F-11D3-BF4B-00C04F79EFBC}") = "TPostService", "TPostService\TPostService.csproj", "{0E7B2256-1E64-43E4-90C1-BFFE21DD3A9D}"
EndProject
Project("{FAE04EC0-301F-11D3-BF4B-00C04F79EFBC}") = "TDonation", "TDonation\TDonation.csproj", "{A25FB6C4-BE8E-4916-AD22-BFABD57673A5}"
EndProject
Project("{FAE04EC0-301F-11D3-BF4B-00C04F79EFBC}") = "SharedModels", "SharedModels\SharedModels.csproj", "{47B5FAFF-8F96-4164-9B00-7D13CAEC5F7C}"
EndProject
Global
	GlobalSection(SolutionConfigurationPlatforms) = preSolution
		Debug|Any CPU = Debug|Any CPU
		Release|Any CPU = Release|Any CPU
	EndGlobalSection
	GlobalSection(ProjectConfigurationPlatforms) = postSolution
		{AD26569A-9A95-4536-8A1F-2CF36D3DA152}.Debug|Any CPU.ActiveCfg = Debug|Any CPU
		{AD26569A-9A95-4536-8A1F-2CF36D3DA152}.Debug|Any CPU.Build.0 = Debug|Any CPU
		{AD26569A-9A95-4536-8A1F-2CF36D3DA152}.Release|Any CPU.ActiveCfg = Release|Any CPU
		{AD26569A-9A95-4536-8A1F-2CF36D3DA152}.Release|Any CPU.Build.0 = Release|Any CPU
		{7D750C10-24C3-4B50-B139-AC61CF47E696}.Debug|Any CPU.ActiveCfg = Debug|Any CPU
		{7D750C10-24C3-4B50-B139-AC61CF47E696}.Debug|Any CPU.Build.0 = Debug|Any CPU
		{7D750C10-24C3-4B50-B139-AC61CF47E696}.Release|Any CPU.ActiveCfg = Release|Any CPU
		{7D750C10-24C3-4B50-B139-AC61CF47E696}.Release|Any CPU.Build.0 = Release|Any CPU
		{0E7B2256-1E64-43E4-90C1-BFFE21DD3A9D}.Debug|Any CPU.ActiveCfg = Debug|Any CPU
		{0E7B2256-1E64-43E4-90C1-BFFE21DD3A9D}.Debug|Any CPU.Build.0 = Debug|Any CPU
		{0E7B2256-1E64-43E4-90C1-BFFE21DD3A9D}.Release|Any CPU.ActiveCfg = Release|Any CPU
		{0E7B2256-1E64-43E4-90C1-BFFE21DD3A9D}.Release|Any CPU.Build.0 = Release|Any CPU
		{A25FB6C4-BE8E-4916-AD22-BFABD57673A5}.Debug|Any CPU.ActiveCfg = Debug|Any CPU
		{A25FB6C4-BE8E-4916-AD22-BFABD57673A5}.Debug|Any CPU.Build.0 = Debug|Any CPU
		{A25FB6C4-BE8E-4916-AD22-BFABD57673A5}.Release|Any CPU.ActiveCfg = Release|Any CPU
		{A25FB6C4-BE8E-4916-AD22-BFABD57673A5}.Release|Any CPU.Build.0 = Release|Any CPU
		{47B5FAFF-8F96-4164-9B00-7D13CAEC5F7C}.Debug|Any CPU.ActiveCfg = Debug|Any CPU
		{47B5FAFF-8F96-4164-9B00-7D13CAEC5F7C}.Debug|Any CPU.Build.0 = Debug|Any CPU
		{47B5FAFF-8F96-4164-9B00-7D13CAEC5F7C}.Release|Any CPU.ActiveCfg = Release|Any CPU
		{47B5FAFF-8F96-4164-9B00-7D13CAEC5F7C}.Release|Any CPU.Build.0 = Release|Any CPU
	EndGlobalSection
EndGlobal
