
Microsoft Visual Studio Solution File, Format Version 12.00
Project("{FAE04EC0-301F-11D3-BF4B-00C04F79EFBC}") = "TCharity.Post", "TCharity.Post\TCharity.Post.csproj", "{885D836C-92F2-4C0D-8550-0C25B62111C8}"
EndProject
Project("{FAE04EC0-301F-11D3-BF4B-00C04F79EFBC}") = "APIGateway", "APIGateway\APIGateway.csproj", "{AD26569A-9A95-4536-8A1F-2CF36D3DA152}"
EndProject
Project("{FAE04EC0-301F-11D3-BF4B-00C04F79EFBC}") = "Identity", "Identity\Identity.csproj", "{7D750C10-24C3-4B50-B139-AC61CF47E696}"
EndProject
Project("{FAE04EC0-301F-11D3-BF4B-00C04F79EFBC}") = "TCharityDonation", "TCharityDonation\TCharityDonation.csproj", "{384508A0-E8EE-4B48-8209-781F1157EF7B}"
EndProject
Global
	GlobalSection(SolutionConfigurationPlatforms) = preSolution
		Debug|Any CPU = Debug|Any CPU
		Release|Any CPU = Release|Any CPU
	EndGlobalSection
	GlobalSection(ProjectConfigurationPlatforms) = postSolution
		{885D836C-92F2-4C0D-8550-0C25B62111C8}.Debug|Any CPU.ActiveCfg = Debug|Any CPU
		{885D836C-92F2-4C0D-8550-0C25B62111C8}.Debug|Any CPU.Build.0 = Debug|Any CPU
		{885D836C-92F2-4C0D-8550-0C25B62111C8}.Release|Any CPU.ActiveCfg = Release|Any CPU
		{885D836C-92F2-4C0D-8550-0C25B62111C8}.Release|Any CPU.Build.0 = Release|Any CPU
		{AD26569A-9A95-4536-8A1F-2CF36D3DA152}.Debug|Any CPU.ActiveCfg = Debug|Any CPU
		{AD26569A-9A95-4536-8A1F-2CF36D3DA152}.Debug|Any CPU.Build.0 = Debug|Any CPU
		{AD26569A-9A95-4536-8A1F-2CF36D3DA152}.Release|Any CPU.ActiveCfg = Release|Any CPU
		{AD26569A-9A95-4536-8A1F-2CF36D3DA152}.Release|Any CPU.Build.0 = Release|Any CPU
		{7D750C10-24C3-4B50-B139-AC61CF47E696}.Debug|Any CPU.ActiveCfg = Debug|Any CPU
		{7D750C10-24C3-4B50-B139-AC61CF47E696}.Debug|Any CPU.Build.0 = Debug|Any CPU
		{7D750C10-24C3-4B50-B139-AC61CF47E696}.Release|Any CPU.ActiveCfg = Release|Any CPU
		{7D750C10-24C3-4B50-B139-AC61CF47E696}.Release|Any CPU.Build.0 = Release|Any CPU
		{384508A0-E8EE-4B48-8209-781F1157EF7B}.Debug|Any CPU.ActiveCfg = Debug|Any CPU
		{384508A0-E8EE-4B48-8209-781F1157EF7B}.Debug|Any CPU.Build.0 = Debug|Any CPU
		{384508A0-E8EE-4B48-8209-781F1157EF7B}.Release|Any CPU.ActiveCfg = Release|Any CPU
		{384508A0-E8EE-4B48-8209-781F1157EF7B}.Release|Any CPU.Build.0 = Release|Any CPU
	EndGlobalSection
EndGlobal
